
Microsoft Visual Studio Solution File, Format Version 12.00
# Visual Studio 2017
Project("{FAE04EC0-301F-11D3-BF4B-00C04F79EFBC}") = "526newnewnew", "526newnewnew.csproj", "{F7DE6858-D4AE-8130-50A4-2542C64F417B}"
EndProject
Project("{FAE04EC0-301F-11D3-BF4B-00C04F79EFBC}") = "526newnewnew.Plugins", "526newnewnew.Plugins.csproj", "{59F5F6B7-1E02-F1FE-B38A-E35C0BA50875}"
EndProject
Project("{FAE04EC0-301F-11D3-BF4B-00C04F79EFBC}") = "526newnewnew.Editor", "526newnewnew.Editor.csproj", "{98D446DB-56B8-3D5F-094B-BC319CABA75C}"
EndProject
Global
	GlobalSection(SolutionConfigurationPlatforms) = preSolution
		Debug|Any CPU = Debug|Any CPU
		Release|Any CPU = Release|Any CPU
	EndGlobalSection
	GlobalSection(ProjectConfigurationPlatforms) = postSolution
		{F7DE6858-D4AE-8130-50A4-2542C64F417B}.Debug|Any CPU.ActiveCfg = Debug|Any CPU
		{F7DE6858-D4AE-8130-50A4-2542C64F417B}.Debug|Any CPU.Build.0 = Debug|Any CPU
		{F7DE6858-D4AE-8130-50A4-2542C64F417B}.Release|Any CPU.ActiveCfg = Release|Any CPU
		{F7DE6858-D4AE-8130-50A4-2542C64F417B}.Release|Any CPU.Build.0 = Release|Any CPU
		{59F5F6B7-1E02-F1FE-B38A-E35C0BA50875}.Debug|Any CPU.ActiveCfg = Debug|Any CPU
		{59F5F6B7-1E02-F1FE-B38A-E35C0BA50875}.Debug|Any CPU.Build.0 = Debug|Any CPU
		{59F5F6B7-1E02-F1FE-B38A-E35C0BA50875}.Release|Any CPU.ActiveCfg = Release|Any CPU
		{59F5F6B7-1E02-F1FE-B38A-E35C0BA50875}.Release|Any CPU.Build.0 = Release|Any CPU
		{98D446DB-56B8-3D5F-094B-BC319CABA75C}.Debug|Any CPU.ActiveCfg = Debug|Any CPU
		{98D446DB-56B8-3D5F-094B-BC319CABA75C}.Debug|Any CPU.Build.0 = Debug|Any CPU
		{98D446DB-56B8-3D5F-094B-BC319CABA75C}.Release|Any CPU.ActiveCfg = Release|Any CPU
		{98D446DB-56B8-3D5F-094B-BC319CABA75C}.Release|Any CPU.Build.0 = Release|Any CPU
	EndGlobalSection
	GlobalSection(SolutionProperties) = preSolution
		HideSolutionNode = FALSE
	EndGlobalSection
EndGlobal
